<?xml version="1.0" encoding="utf-8"?>
<Project ToolsVersion="4.0" xmlns="http://schemas.microsoft.com/developer/msbuild/2003">
  <ItemGroup>
    <Filter Include="Source Files">
      <UniqueIdentifier>{4FC737F1-C7A5-4376-A066-2A32D752A2FF}</UniqueIdentifier>
      <Extensions>cpp;c;cc;cxx;def;odl;idl;hpj;bat;asm;asmx</Extensions>
    </Filter>
    <Filter Include="Header Files">
      <UniqueIdentifier>{93995380-89BD-4b04-88EB-625FBE52EBFB}</UniqueIdentifier>
      <Extensions>h;hh;hpp;hxx;hm;inl;inc;xsd</Extensions>
    </Filter>
    <Filter Include="Resource Files">
      <UniqueIdentifier>{67DA6AB6-F800-4c08-8B7A-83BB121AAD01}</UniqueIdentifier>
      <Extensions>rc;ico;cur;bmp;dlg;rc2;rct;bin;rgs;gif;jpg;jpeg;jpe;resx;tiff;tif;png;wav;mfcribbon-ms</Extensions>
    </Filter>
  </ItemGroup>
  <ItemGroup>
    <ClCompile Include="src\main.cpp">
      <Filter>Source Files</Filter>
    </ClCompile>
    <ClCompile Include="src\App\App.cpp">
      <Filter>Source Files</Filter>
    </ClCompile>
    <ClCompile Include="src\Game\Game.cpp">
      <Filter>Source Files</Filter>
    </ClCompile>
    <ClCompile Include="src\GameMap\GameMap.cpp">
      <Filter>Source Files</Filter>
    </ClCompile>
    <ClCompile Include="src\ResourceLoader\ResourceLoader.cpp">
      <Filter>Source Files</Filter>
    </ClCompile>
    <ClCompile Include="src\GameMap\Line\Line.cpp">
      <Filter>Source Files</Filter>
    </ClCompile>
    <ClCompile Include="src\imgui\imgui.cpp">
      <Filter>Source Files</Filter>
    </ClCompile>
    <ClCompile Include="src\imgui\imgui_draw.cpp">
      <Filter>Source Files</Filter>
    </ClCompile>
    <ClCompile Include="src\imgui\imgui_widgets.cpp">
      <Filter>Source Files</Filter>
    </ClCompile>
    <ClCompile Include="src\imgui\imgui-SFML.cpp">
      <Filter>Source Files</Filter>
    </ClCompile>
    <ClCompile Include="src\Entity\Entity.cpp">
      <Filter>Source Files</Filter>
    </ClCompile>
    <ClCompile Include="src\Component\Transform\Transform.cpp">
      <Filter>Source Files</Filter>
    </ClCompile>
    <ClCompile Include="src\Component\Component.cpp">
      <Filter>Source Files</Filter>
    </ClCompile>
    <ClCompile Include="src\Component\Renderer\SpriteRenderer\SpriteRenderer.cpp">
      <Filter>Source Files</Filter>
    </ClCompile>
    <ClCompile Include="src\Component\Renderer\IsoSpriteRenderer\IsoSpriteRenderer.cpp">
      <Filter>Source Files</Filter>
    </ClCompile>
    <ClCompile Include="src\imgui\imgui_demo.cpp">
      <Filter>Source Files</Filter>
    </ClCompile>
    <ClCompile Include="src\Ui\UiHandler\UiHandler.cpp">
      <Filter>Source Files</Filter>
    </ClCompile>
    <ClCompile Include="src\Ui\Construction\Construction.cpp">
      <Filter>Source Files</Filter>
    </ClCompile>
    <ClCompile Include="src\System\Utils\Utils.cpp">
      <Filter>Source Files</Filter>
    </ClCompile>
    <ClCompile Include="src\Component\Controller\PostOfficeController\PostOfficeController.cpp">
      <Filter>Source Files</Filter>
    </ClCompile>
    <ClCompile Include="src\Routes\MailTruckRoute\MailTruckRoute.cpp">
      <Filter>Source Files</Filter>
    </ClCompile>
    <ClCompile Include="src\Component\ClickBox\RectClickBox\RectClickBox.cpp">
      <Filter>Source Files</Filter>
    </ClCompile>
    <ClCompile Include="src\Ui\Construction\ConstructionRecipe\ConstructionRecipe.cpp">
      <Filter>Source Files</Filter>
    </ClCompile>
    <ClCompile Include="src\Ui\Construction\ConstructionRecipe\ConstructionLayout\ConstructionLayout.cpp">
      <Filter>Source Files</Filter>
    </ClCompile>
    <ClCompile Include="src\Component\Renderer\IsoSpriteRenderer\IsoBuildingRenderer\IsoBuildingRenderer.cpp">
      <Filter>Source Files</Filter>
    </ClCompile>
    <ClCompile Include="src\Component\MailContainer\MailContainer.cpp">
      <Filter>Source Files</Filter>
    </ClCompile>
    <ClCompile Include="src\Mail\Mail.cpp">
      <Filter>Source Files</Filter>
    </ClCompile>
    <ClCompile Include="src\PostalCodeDatabase\PostalCodeDatabase.cpp">
      <Filter>Source Files</Filter>
    </ClCompile>
    <ClCompile Include="src\Component\Controller\ResidenceController\ResidenceController.cpp">
      <Filter>Source Files</Filter>
    </ClCompile>
    <ClCompile Include="src\Routes\TransitRoute\TransitRoute.cpp">
      <Filter>Source Files</Filter>
    </ClCompile>
    <ClCompile Include="src\Entity\EntityPresets\VehiclePresets\VehiclePresets.cpp">
      <Filter>Source Files</Filter>
    </ClCompile>
    <ClCompile Include="src\Entity\EntityPresets\BuildingPresets\BuildingsPresets.cpp">
      <Filter>Source Files</Filter>
    </ClCompile>
    <ClCompile Include="src\Component\Pathfinder\RoadPathfinder\RoadPathfinder.cpp">
      <Filter>Source Files</Filter>
    </ClCompile>
    <ClCompile Include="src\Component\Controller\VehicleController\MailTruckController\MailTruckController.cpp">
      <Filter>Source Files</Filter>
    </ClCompile>
    <ClCompile Include="src\Component\Controller\VehicleController\VehicleController.cpp">
      <Filter>Source Files</Filter>
    </ClCompile>
    <ClCompile Include="src\Component\Controller\VehicleController\CargoVehicleController\CargoVehicleController.cpp">
      <Filter>Source Files</Filter>
    </ClCompile>
    <ClCompile Include="src\Component\Pathfinder\RailsPathfinder\RailsPathfinder.cpp">
      <Filter>Source Files</Filter>
    </ClCompile>
    <ClCompile Include="src\System\SaveData\SaveData.cpp">
      <Filter>Source Files</Filter>
    </ClCompile>
    <ClCompile Include="src\Entity\EntityTag\EntityTag.cpp">
      <Filter>Source Files</Filter>
    </ClCompile>
    <ClCompile Include="src\Component\ComponentType\ComponentType.cpp">
      <Filter>Source Files</Filter>
    </ClCompile>
    <ClCompile Include="src\Component\Pathfinder\AirPathfinder\AirPathfinder.cpp">
      <Filter>Source Files</Filter>
    </ClCompile>
    <ClCompile Include="src\Component\TransitStop\TransitStop.cpp">
      <Filter>Source Files</Filter>
    </ClCompile>
    <ClCompile Include="src\Component\Controller\DepotController\PlaneDepotController\PlaneDepotController.cpp">
      <Filter>Source Files</Filter>
    </ClCompile>
    <ClCompile Include="src\Component\Controller\DepotController\TrainDepotController\TrainDepotController.cpp">
      <Filter>Source Files</Filter>
    </ClCompile>
    <ClCompile Include="src\Component\Controller\DepotController\TruckDepotController\TruckDepotController.cpp">
      <Filter>Source Files</Filter>
    </ClCompile>
    <ClCompile Include="src\Component\Controller\DepotController\DepotController.cpp">
      <Filter>Source Files</Filter>
    </ClCompile>
    <ClCompile Include="src\Component\Pathfinder\Pathfinder.cpp">
      <Filter>Source Files</Filter>
    </ClCompile>
    <ClCompile Include="src\Routes\RoutePoint.cpp">
      <Filter>Source Files</Filter>
    </ClCompile>
  </ItemGroup>
  <ItemGroup>
    <ClInclude Include="src\App\App.h">
      <Filter>Header Files</Filter>
    </ClInclude>
    <ClInclude Include="src\Game\Game.h">
      <Filter>Header Files</Filter>
    </ClInclude>
    <ClInclude Include="src\GameMap\GameMap.h">
      <Filter>Header Files</Filter>
    </ClInclude>
    <ClInclude Include="src\ResourceLoader\ResourceLoader.h">
      <Filter>Header Files</Filter>
    </ClInclude>
    <ClInclude Include="src\GameMap\Line\Line.h">
      <Filter>Header Files</Filter>
    </ClInclude>
    <ClInclude Include="src\Entity\Entity.h">
      <Filter>Header Files</Filter>
    </ClInclude>
    <ClInclude Include="src\Component\Transform\Transform.h">
      <Filter>Header Files</Filter>
    </ClInclude>
    <ClInclude Include="src\Component\Component.h">
      <Filter>Header Files</Filter>
    </ClInclude>
    <ClInclude Include="src\Component\Renderer\Renderer.h">
      <Filter>Header Files</Filter>
    </ClInclude>
    <ClInclude Include="src\Component\Renderer\SpriteRenderer\SpriteRenderer.h">
      <Filter>Header Files</Filter>
    </ClInclude>
    <ClInclude Include="src\System\IsoRotation\IsoRotation.h">
      <Filter>Header Files</Filter>
    </ClInclude>
    <ClInclude Include="src\Component\Renderer\IsoSpriteRenderer\IsoSpriteRenderer.h">
      <Filter>Header Files</Filter>
    </ClInclude>
    <ClInclude Include="src\Entity\EntityTag\EntityTag.h">
      <Filter>Header Files</Filter>
    </ClInclude>
    <ClInclude Include="src\Ui\UiHandler\UiHandler.h">
      <Filter>Header Files</Filter>
    </ClInclude>
    <ClInclude Include="src\Ui\Construction\Construction.h">
      <Filter>Header Files</Filter>
    </ClInclude>
    <ClInclude Include="src\System\Utils\Utils.h">
      <Filter>Header Files</Filter>
    </ClInclude>
    <ClInclude Include="src\Component\Controller\Controller.h">
      <Filter>Header Files</Filter>
    </ClInclude>
    <ClInclude Include="src\Component\Controller\PostOfficeController\PostOfficeController.h">
      <Filter>Header Files</Filter>
    </ClInclude>
    <ClInclude Include="src\Routes\MailTruckRoute\MailTruckRoute.h">
      <Filter>Header Files</Filter>
    </ClInclude>
    <ClInclude Include="src\Component\ClickBox\ClickBox.h">
      <Filter>Header Files</Filter>
    </ClInclude>
    <ClInclude Include="src\Component\ClickBox\RectClickBox\RectClickBox.h">
      <Filter>Header Files</Filter>
    </ClInclude>
    <ClInclude Include="src\Ui\Construction\ConstructionRecipe\ConstructionRecipe.h">
      <Filter>Header Files</Filter>
    </ClInclude>
    <ClInclude Include="src\Ui\Construction\ConstructionRecipe\ConstructionLayout\ConstructionLayout.h">
      <Filter>Header Files</Filter>
    </ClInclude>
    <ClInclude Include="src\Component\Renderer\IsoSpriteRenderer\IsoBuildingRenderer\IsoBuildingRenderer.h">
      <Filter>Header Files</Filter>
    </ClInclude>
    <ClInclude Include="src\Component\MailContainer\MailContainer.h">
      <Filter>Header Files</Filter>
    </ClInclude>
    <ClInclude Include="src\Mail\Mail.h">
      <Filter>Header Files</Filter>
    </ClInclude>
    <ClInclude Include="src\Constants.h">
      <Filter>Header Files</Filter>
    </ClInclude>
    <ClInclude Include="src\PostalCodeDatabase\PostalCodeDatabase.h">
      <Filter>Header Files</Filter>
    </ClInclude>
    <ClInclude Include="src\Component\TransitStop\TransitStop.h">
      <Filter>Header Files</Filter>
    </ClInclude>
    <ClInclude Include="src\Component\Controller\ResidenceController\ResidenceController.h">
      <Filter>Header Files</Filter>
    </ClInclude>
    <ClInclude Include="src\Routes\TransitRoute\TransitRoute.h">
      <Filter>Header Files</Filter>
    </ClInclude>
    <ClInclude Include="src\Entity\EntityPresets\VehiclePresets\VehiclePresets.h">
      <Filter>Header Files</Filter>
    </ClInclude>
    <ClInclude Include="src\Entity\EntityPresets\BuildingPresets\BuildingPresets.h">
      <Filter>Header Files</Filter>
    </ClInclude>
    <ClInclude Include="src\Component\Pathfinder\Pathfinder.h">
      <Filter>Header Files</Filter>
    </ClInclude>
    <ClInclude Include="src\Component\Pathfinder\RoadPathfinder\RoadPathfinder.h">
      <Filter>Header Files</Filter>
    </ClInclude>
    <ClInclude Include="src\Component\Controller\VehicleController\MailTruckController\MailTruckController.h">
      <Filter>Header Files</Filter>
    </ClInclude>
    <ClInclude Include="src\Component\Controller\VehicleController\VehicleController.h">
      <Filter>Header Files</Filter>
    </ClInclude>
    <ClInclude Include="src\Component\Controller\VehicleController\CargoVehicleController\CargoVehicleController.h">
      <Filter>Header Files</Filter>
    </ClInclude>
    <ClInclude Include="src\Component\Pathfinder\RailsPathfinder\RailsPathfinder.h">
      <Filter>Header Files</Filter>
    </ClInclude>
    <ClInclude Include="src\System\SaveData\SaveData.h">
      <Filter>Header Files</Filter>
    </ClInclude>
    <ClInclude Include="src\Component\ComponentType\ComponentType.h">
      <Filter>Header Files</Filter>
    </ClInclude>
    <ClInclude Include="src\Component\Pathfinder\AirPathfinder\AirPathfinder.h">
      <Filter>Header Files</Filter>
    </ClInclude>
    <ClInclude Include="src\Component\Controller\DepotController\PlaneDepotController\PlaneDepotController.h">
      <Filter>Header Files</Filter>
    </ClInclude>
    <ClInclude Include="src\Component\Controller\DepotController\TrainDepotController\TrainDepotController.h">
      <Filter>Header Files</Filter>
    </ClInclude>
    <ClInclude Include="src\Component\Controller\DepotController\TruckDepotController\TruckDepotController.h">
      <Filter>Header Files</Filter>
    </ClInclude>
    <ClInclude Include="src\Component\Controller\DepotController\DepotController.h">
      <Filter>Header Files</Filter>
    </ClInclude>
    <ClInclude Include="src\Routes\RoutePoint.h">
      <Filter>Header Files</Filter>
    </ClInclude>
  </ItemGroup>
  <ItemGroup>
    <None Include="src\GameMap\Tile.h" />
  </ItemGroup>
</Project>